// !$*UTF8*$!
{
	archiveVersion = 1;
	classes = {
	};
	objectVersion = 46;
	objects = {

/* Begin PBXBuildFile section */
		AF92FC951E813D0F00D82B9D /* main.m in Sources */ = {isa = PBXBuildFile; fileRef = AF92FC941E813D0F00D82B9D /* main.m */; };
		AF92FC981E813D0F00D82B9D /* AppDelegate.m in Sources */ = {isa = PBXBuildFile; fileRef = AF92FC971E813D0F00D82B9D /* AppDelegate.m */; };
		AF92FC9E1E813D0F00D82B9D /* Main.storyboard in Resources */ = {isa = PBXBuildFile; fileRef = AF92FC9C1E813D0F00D82B9D /* Main.storyboard */; };
		AF92FCA01E813D0F00D82B9D /* Assets.xcassets in Resources */ = {isa = PBXBuildFile; fileRef = AF92FC9F1E813D0F00D82B9D /* Assets.xcassets */; };
		AF92FCA31E813D0F00D82B9D /* LaunchScreen.storyboard in Resources */ = {isa = PBXBuildFile; fileRef = AF92FCA11E813D0F00D82B9D /* LaunchScreen.storyboard */; };
		AF92FCB51E816F9400D82B9D /* ViewController.m in Sources */ = {isa = PBXBuildFile; fileRef = AF92FCB41E816F9400D82B9D /* ViewController.m */; };
		AF92FCB81E8170A900D82B9D /* ArtificialIntelligence.m in Sources */ = {isa = PBXBuildFile; fileRef = AF92FCB71E8170A900D82B9D /* ArtificialIntelligence.m */; };
		AF92FCE61E8174AF00D82B9D /* AssetsAssistant.m in Sources */ = {isa = PBXBuildFile; fileRef = AF92FCC51E8174AF00D82B9D /* AssetsAssistant.m */; };
		AF92FCE71E8174AF00D82B9D /* AssistantController.m in Sources */ = {isa = PBXBuildFile; fileRef = AF92FCC71E8174AF00D82B9D /* AssistantController.m */; };
		AF92FCE81E8174AF00D82B9D /* DataBaseAssistant.m in Sources */ = {isa = PBXBuildFile; fileRef = AF92FCC91E8174AF00D82B9D /* DataBaseAssistant.m */; };
		AF92FCE91E8174AF00D82B9D /* DelayOperationAssistant.m in Sources */ = {isa = PBXBuildFile; fileRef = AF92FCCB1E8174AF00D82B9D /* DelayOperationAssistant.m */; };
		AF92FCEA1E8174AF00D82B9D /* DetectDeviceMotionAssistant.m in Sources */ = {isa = PBXBuildFile; fileRef = AF92FCCD1E8174AF00D82B9D /* DetectDeviceMotionAssistant.m */; };
		AF92FCEB1E8174AF00D82B9D /* FontsAssistant.m in Sources */ = {isa = PBXBuildFile; fileRef = AF92FCCF1E8174AF00D82B9D /* FontsAssistant.m */; };
		AF92FCEC1E8174AF00D82B9D /* GameStateAssistant.m in Sources */ = {isa = PBXBuildFile; fileRef = AF92FCD11E8174AF00D82B9D /* GameStateAssistant.m */; };
		AF92FCED1E8174AF00D82B9D /* iCloudAssistant.m in Sources */ = {isa = PBXBuildFile; fileRef = AF92FCD31E8174AF00D82B9D /* iCloudAssistant.m */; };
		AF92FCEE1E8174AF00D82B9D /* iPodAssistant.m in Sources */ = {isa = PBXBuildFile; fileRef = AF92FCD51E8174AF00D82B9D /* iPodAssistant.m */; };
		AF92FCEF1E8174AF00D82B9D /* LocationAssistant.m in Sources */ = {isa = PBXBuildFile; fileRef = AF92FCD71E8174AF00D82B9D /* LocationAssistant.m */; };
		AF92FCF01E8174AF00D82B9D /* NibAssistant.m in Sources */ = {isa = PBXBuildFile; fileRef = AF92FCD91E8174AF00D82B9D /* NibAssistant.m */; };
		AF92FCF11E8174AF00D82B9D /* OperationsAssistant.m in Sources */ = {isa = PBXBuildFile; fileRef = AF92FCDB1E8174AF00D82B9D /* OperationsAssistant.m */; };
		AF92FCF21E8174AF00D82B9D /* PerlinNoise.m in Sources */ = {isa = PBXBuildFile; fileRef = AF92FCDD1E8174AF00D82B9D /* PerlinNoise.m */; };
		AF92FCF31E8174AF00D82B9D /* SoundAssitant.m in Sources */ = {isa = PBXBuildFile; fileRef = AF92FCDF1E8174AF00D82B9D /* SoundAssitant.m */; };
		AF92FCF41E8174AF00D82B9D /* SpeechAssistant.m in Sources */ = {isa = PBXBuildFile; fileRef = AF92FCE11E8174AF00D82B9D /* SpeechAssistant.m */; };
		AF92FCF51E8174AF00D82B9D /* TimerAssistant.m in Sources */ = {isa = PBXBuildFile; fileRef = AF92FCE31E8174AF00D82B9D /* TimerAssistant.m */; };
		AF92FCF61E8174AF00D82B9D /* VectorsAssistant.m in Sources */ = {isa = PBXBuildFile; fileRef = AF92FCE51E8174AF00D82B9D /* VectorsAssistant.m */; };
/* End PBXBuildFile section */

/* Begin PBXFileReference section */
		AF92FC901E813D0F00D82B9D /* GameFrame.app */ = {isa = PBXFileReference; explicitFileType = wrapper.application; includeInIndex = 0; path = GameFrame.app; sourceTree = BUILT_PRODUCTS_DIR; };
		AF92FC941E813D0F00D82B9D /* main.m */ = {isa = PBXFileReference; lastKnownFileType = sourcecode.c.objc; path = main.m; sourceTree = "<group>"; };
		AF92FC961E813D0F00D82B9D /* AppDelegate.h */ = {isa = PBXFileReference; lastKnownFileType = sourcecode.c.h; path = AppDelegate.h; sourceTree = "<group>"; };
		AF92FC971E813D0F00D82B9D /* AppDelegate.m */ = {isa = PBXFileReference; lastKnownFileType = sourcecode.c.objc; path = AppDelegate.m; sourceTree = "<group>"; };
		AF92FC9D1E813D0F00D82B9D /* Base */ = {isa = PBXFileReference; lastKnownFileType = file.storyboard; name = Base; path = Base.lproj/Main.storyboard; sourceTree = "<group>"; };
		AF92FC9F1E813D0F00D82B9D /* Assets.xcassets */ = {isa = PBXFileReference; lastKnownFileType = folder.assetcatalog; path = Assets.xcassets; sourceTree = "<group>"; };
		AF92FCA21E813D0F00D82B9D /* Base */ = {isa = PBXFileReference; lastKnownFileType = file.storyboard; name = Base; path = Base.lproj/LaunchScreen.storyboard; sourceTree = "<group>"; };
		AF92FCA41E813D0F00D82B9D /* Info.plist */ = {isa = PBXFileReference; lastKnownFileType = text.plist.xml; path = Info.plist; sourceTree = "<group>"; };
		AF92FCAA1E816DEF00D82B9D /* PrefixHeader.pch */ = {isa = PBXFileReference; fileEncoding = 4; lastKnownFileType = sourcecode.c.h; path = PrefixHeader.pch; sourceTree = "<group>"; };
		AF92FCB31E816F9400D82B9D /* ViewController.h */ = {isa = PBXFileReference; fileEncoding = 4; lastKnownFileType = sourcecode.c.h; name = ViewController.h; path = VIEWCONTROLLER/ViewController.h; sourceTree = "<group>"; };
		AF92FCB41E816F9400D82B9D /* ViewController.m */ = {isa = PBXFileReference; fileEncoding = 4; lastKnownFileType = sourcecode.c.objc; name = ViewController.m; path = VIEWCONTROLLER/ViewController.m; sourceTree = "<group>"; };
		AF92FCB61E8170A900D82B9D /* ArtificialIntelligence.h */ = {isa = PBXFileReference; fileEncoding = 4; lastKnownFileType = sourcecode.c.h; name = ArtificialIntelligence.h; path = AI/ArtificialIntelligence.h; sourceTree = "<group>"; };
		AF92FCB71E8170A900D82B9D /* ArtificialIntelligence.m */ = {isa = PBXFileReference; fileEncoding = 4; lastKnownFileType = sourcecode.c.objc; name = ArtificialIntelligence.m; path = AI/ArtificialIntelligence.m; sourceTree = "<group>"; };
		AF92FCC41E8174AF00D82B9D /* AssetsAssistant.h */ = {isa = PBXFileReference; fileEncoding = 4; lastKnownFileType = sourcecode.c.h; name = AssetsAssistant.h; path = COMMON/AssetsAssistant.h; sourceTree = "<group>"; };
		AF92FCC51E8174AF00D82B9D /* AssetsAssistant.m */ = {isa = PBXFileReference; fileEncoding = 4; lastKnownFileType = sourcecode.c.objc; name = AssetsAssistant.m; path = COMMON/AssetsAssistant.m; sourceTree = "<group>"; };
		AF92FCC61E8174AF00D82B9D /* AssistantController.h */ = {isa = PBXFileReference; fileEncoding = 4; lastKnownFileType = sourcecode.c.h; name = AssistantController.h; path = COMMON/AssistantController.h; sourceTree = "<group>"; };
		AF92FCC71E8174AF00D82B9D /* AssistantController.m */ = {isa = PBXFileReference; fileEncoding = 4; lastKnownFileType = sourcecode.c.objc; name = AssistantController.m; path = COMMON/AssistantController.m; sourceTree = "<group>"; };
		AF92FCC81E8174AF00D82B9D /* DataBaseAssistant.h */ = {isa = PBXFileReference; fileEncoding = 4; lastKnownFileType = sourcecode.c.h; name = DataBaseAssistant.h; path = COMMON/DataBaseAssistant.h; sourceTree = "<group>"; };
		AF92FCC91E8174AF00D82B9D /* DataBaseAssistant.m */ = {isa = PBXFileReference; fileEncoding = 4; lastKnownFileType = sourcecode.c.objc; name = DataBaseAssistant.m; path = COMMON/DataBaseAssistant.m; sourceTree = "<group>"; };
		AF92FCCA1E8174AF00D82B9D /* DelayOperationAssistant.h */ = {isa = PBXFileReference; fileEncoding = 4; lastKnownFileType = sourcecode.c.h; name = DelayOperationAssistant.h; path = COMMON/DelayOperationAssistant.h; sourceTree = "<group>"; };
		AF92FCCB1E8174AF00D82B9D /* DelayOperationAssistant.m */ = {isa = PBXFileReference; fileEncoding = 4; lastKnownFileType = sourcecode.c.objc; name = DelayOperationAssistant.m; path = COMMON/DelayOperationAssistant.m; sourceTree = "<group>"; };
		AF92FCCC1E8174AF00D82B9D /* DetectDeviceMotionAssistant.h */ = {isa = PBXFileReference; fileEncoding = 4; lastKnownFileType = sourcecode.c.h; name = DetectDeviceMotionAssistant.h; path = COMMON/DetectDeviceMotionAssistant.h; sourceTree = "<group>"; };
		AF92FCCD1E8174AF00D82B9D /* DetectDeviceMotionAssistant.m */ = {isa = PBXFileReference; fileEncoding = 4; lastKnownFileType = sourcecode.c.objc; name = DetectDeviceMotionAssistant.m; path = COMMON/DetectDeviceMotionAssistant.m; sourceTree = "<group>"; };
		AF92FCCE1E8174AF00D82B9D /* FontsAssistant.h */ = {isa = PBXFileReference; fileEncoding = 4; lastKnownFileType = sourcecode.c.h; name = FontsAssistant.h; path = COMMON/FontsAssistant.h; sourceTree = "<group>"; };
		AF92FCCF1E8174AF00D82B9D /* FontsAssistant.m */ = {isa = PBXFileReference; fileEncoding = 4; lastKnownFileType = sourcecode.c.objc; name = FontsAssistant.m; path = COMMON/FontsAssistant.m; sourceTree = "<group>"; };
		AF92FCD01E8174AF00D82B9D /* GameStateAssistant.h */ = {isa = PBXFileReference; fileEncoding = 4; lastKnownFileType = sourcecode.c.h; name = GameStateAssistant.h; path = COMMON/GameStateAssistant.h; sourceTree = "<group>"; };
		AF92FCD11E8174AF00D82B9D /* GameStateAssistant.m */ = {isa = PBXFileReference; fileEncoding = 4; lastKnownFileType = sourcecode.c.objc; name = GameStateAssistant.m; path = COMMON/GameStateAssistant.m; sourceTree = "<group>"; };
		AF92FCD21E8174AF00D82B9D /* iCloudAssistant.h */ = {isa = PBXFileReference; fileEncoding = 4; lastKnownFileType = sourcecode.c.h; name = iCloudAssistant.h; path = COMMON/iCloudAssistant.h; sourceTree = "<group>"; };
		AF92FCD31E8174AF00D82B9D /* iCloudAssistant.m */ = {isa = PBXFileReference; fileEncoding = 4; lastKnownFileType = sourcecode.c.objc; name = iCloudAssistant.m; path = COMMON/iCloudAssistant.m; sourceTree = "<group>"; };
		AF92FCD41E8174AF00D82B9D /* iPodAssistant.h */ = {isa = PBXFileReference; fileEncoding = 4; lastKnownFileType = sourcecode.c.h; name = iPodAssistant.h; path = COMMON/iPodAssistant.h; sourceTree = "<group>"; };
		AF92FCD51E8174AF00D82B9D /* iPodAssistant.m */ = {isa = PBXFileReference; fileEncoding = 4; lastKnownFileType = sourcecode.c.objc; name = iPodAssistant.m; path = COMMON/iPodAssistant.m; sourceTree = "<group>"; };
		AF92FCD61E8174AF00D82B9D /* LocationAssistant.h */ = {isa = PBXFileReference; fileEncoding = 4; lastKnownFileType = sourcecode.c.h; name = LocationAssistant.h; path = COMMON/LocationAssistant.h; sourceTree = "<group>"; };
		AF92FCD71E8174AF00D82B9D /* LocationAssistant.m */ = {isa = PBXFileReference; fileEncoding = 4; lastKnownFileType = sourcecode.c.objc; name = LocationAssistant.m; path = COMMON/LocationAssistant.m; sourceTree = "<group>"; };
		AF92FCD81E8174AF00D82B9D /* NibAssistant.h */ = {isa = PBXFileReference; fileEncoding = 4; lastKnownFileType = sourcecode.c.h; name = NibAssistant.h; path = COMMON/NibAssistant.h; sourceTree = "<group>"; };
		AF92FCD91E8174AF00D82B9D /* NibAssistant.m */ = {isa = PBXFileReference; fileEncoding = 4; lastKnownFileType = sourcecode.c.objc; name = NibAssistant.m; path = COMMON/NibAssistant.m; sourceTree = "<group>"; };
		AF92FCDA1E8174AF00D82B9D /* OperationsAssistant.h */ = {isa = PBXFileReference; fileEncoding = 4; lastKnownFileType = sourcecode.c.h; name = OperationsAssistant.h; path = COMMON/OperationsAssistant.h; sourceTree = "<group>"; };
		AF92FCDB1E8174AF00D82B9D /* OperationsAssistant.m */ = {isa = PBXFileReference; fileEncoding = 4; lastKnownFileType = sourcecode.c.objc; name = OperationsAssistant.m; path = COMMON/OperationsAssistant.m; sourceTree = "<group>"; };
		AF92FCDC1E8174AF00D82B9D /* PerlinNoise.h */ = {isa = PBXFileReference; fileEncoding = 4; lastKnownFileType = sourcecode.c.h; name = PerlinNoise.h; path = COMMON/PerlinNoise.h; sourceTree = "<group>"; };
		AF92FCDD1E8174AF00D82B9D /* PerlinNoise.m */ = {isa = PBXFileReference; fileEncoding = 4; lastKnownFileType = sourcecode.c.objc; name = PerlinNoise.m; path = COMMON/PerlinNoise.m; sourceTree = "<group>"; };
		AF92FCDE1E8174AF00D82B9D /* SoundAssitant.h */ = {isa = PBXFileReference; fileEncoding = 4; lastKnownFileType = sourcecode.c.h; name = SoundAssitant.h; path = COMMON/SoundAssitant.h; sourceTree = "<group>"; };
		AF92FCDF1E8174AF00D82B9D /* SoundAssitant.m */ = {isa = PBXFileReference; fileEncoding = 4; lastKnownFileType = sourcecode.c.objc; name = SoundAssitant.m; path = COMMON/SoundAssitant.m; sourceTree = "<group>"; };
		AF92FCE01E8174AF00D82B9D /* SpeechAssistant.h */ = {isa = PBXFileReference; fileEncoding = 4; lastKnownFileType = sourcecode.c.h; name = SpeechAssistant.h; path = COMMON/SpeechAssistant.h; sourceTree = "<group>"; };
		AF92FCE11E8174AF00D82B9D /* SpeechAssistant.m */ = {isa = PBXFileReference; fileEncoding = 4; lastKnownFileType = sourcecode.c.objc; name = SpeechAssistant.m; path = COMMON/SpeechAssistant.m; sourceTree = "<group>"; };
		AF92FCE21E8174AF00D82B9D /* TimerAssistant.h */ = {isa = PBXFileReference; fileEncoding = 4; lastKnownFileType = sourcecode.c.h; name = TimerAssistant.h; path = COMMON/TimerAssistant.h; sourceTree = "<group>"; };
		AF92FCE31E8174AF00D82B9D /* TimerAssistant.m */ = {isa = PBXFileReference; fileEncoding = 4; lastKnownFileType = sourcecode.c.objc; name = TimerAssistant.m; path = COMMON/TimerAssistant.m; sourceTree = "<group>"; };
		AF92FCE41E8174AF00D82B9D /* VectorsAssistant.h */ = {isa = PBXFileReference; fileEncoding = 4; lastKnownFileType = sourcecode.c.h; name = VectorsAssistant.h; path = COMMON/VectorsAssistant.h; sourceTree = "<group>"; };
		AF92FCE51E8174AF00D82B9D /* VectorsAssistant.m */ = {isa = PBXFileReference; fileEncoding = 4; lastKnownFileType = sourcecode.c.objc; name = VectorsAssistant.m; path = COMMON/VectorsAssistant.m; sourceTree = "<group>"; };
/* End PBXFileReference section */

/* Begin PBXFrameworksBuildPhase section */
		AF92FC8D1E813D0F00D82B9D /* Frameworks */ = {
			isa = PBXFrameworksBuildPhase;
			buildActionMask = 2147483647;
			files = (
			);
			runOnlyForDeploymentPostprocessing = 0;
		};
/* End PBXFrameworksBuildPhase section */

/* Begin PBXGroup section */
		AF92FC871E813D0E00D82B9D = {
			isa = PBXGroup;
			children = (
				AF92FC921E813D0F00D82B9D /* GameFrame */,
				AF92FC911E813D0F00D82B9D /* Products */,
			);
			sourceTree = "<group>";
		};
		AF92FC911E813D0F00D82B9D /* Products */ = {
			isa = PBXGroup;
			children = (
				AF92FC901E813D0F00D82B9D /* GameFrame.app */,
			);
			name = Products;
			sourceTree = "<group>";
		};
		AF92FC921E813D0F00D82B9D /* GameFrame */ = {
			isa = PBXGroup;
			children = (
				AF92FCC31E8173A400D82B9D /* SCENES */,
				AF92FCAA1E816DEF00D82B9D /* PrefixHeader.pch */,
				AF92FCC21E81735C00D82B9D /* COMPONENTS */,
				AF92FCB21E816EEB00D82B9D /* STORYBOARD */,
				AF92FCB11E816ED800D82B9D /* ASSETS */,
				AF92FCB01E816ECF00D82B9D /* VIEWCONTROLLER */,
				AF92FCAF1E816EC000D82B9D /* COMMON */,
				AF92FCAE1E816EB000D82B9D /* NETWORK */,
				AF92FCAD1E816E9D00D82B9D /* CATEGORY */,
				AF92FCAC1E816E8E00D82B9D /* DTO */,
				AF92FCAB1E816E8800D82B9D /* AI */,
				AF92FC961E813D0F00D82B9D /* AppDelegate.h */,
				AF92FC971E813D0F00D82B9D /* AppDelegate.m */,
				AF92FC9F1E813D0F00D82B9D /* Assets.xcassets */,
				AF92FCA41E813D0F00D82B9D /* Info.plist */,
				AF92FC931E813D0F00D82B9D /* Supporting Files */,
			);
			path = GameFrame;
			sourceTree = "<group>";
		};
		AF92FC931E813D0F00D82B9D /* Supporting Files */ = {
			isa = PBXGroup;
			children = (
				AF92FC941E813D0F00D82B9D /* main.m */,
			);
			name = "Supporting Files";
			sourceTree = "<group>";
		};
		AF92FCAB1E816E8800D82B9D /* AI */ = {
			isa = PBXGroup;
			children = (
				AF92FCB61E8170A900D82B9D /* ArtificialIntelligence.h */,
				AF92FCB71E8170A900D82B9D /* ArtificialIntelligence.m */,
			);
			name = AI;
			sourceTree = "<group>";
		};
		AF92FCAC1E816E8E00D82B9D /* DTO */ = {
			isa = PBXGroup;
			children = (
				AF92FCBD1E8171CB00D82B9D /* static */,
				AF92FCBC1E8171A500D82B9D /* weapon */,
				AF92FCBB1E81719400D82B9D /* health */,
				AF92FCBA1E81718C00D82B9D /* movable */,
				AF92FCB91E81717400D82B9D /* collectable */,
			);
			name = DTO;
			sourceTree = "<group>";
		};
		AF92FCAD1E816E9D00D82B9D /* CATEGORY */ = {
			isa = PBXGroup;
			children = (
			);
			name = CATEGORY;
			sourceTree = "<group>";
		};
		AF92FCAE1E816EB000D82B9D /* NETWORK */ = {
			isa = PBXGroup;
			children = (
				AF92FCFC1E81752600D82B9D /* blue tooth */,
				AF92FCFB1E81751E00D82B9D /* iCloud */,
				AF92FCFA1E81750F00D82B9D /* real time connection */,
				AF92FCF91E81750700D82B9D /* social share */,
				AF92FCF81E8174FD00D82B9D /* air play */,
				AF92FCF71E8174EB00D82B9D /* game center */,
			);
			name = NETWORK;
			sourceTree = "<group>";
		};
		AF92FCAF1E816EC000D82B9D /* COMMON */ = {
			isa = PBXGroup;
			children = (
				AF92FCC41E8174AF00D82B9D /* AssetsAssistant.h */,
				AF92FCC51E8174AF00D82B9D /* AssetsAssistant.m */,
				AF92FCC61E8174AF00D82B9D /* AssistantController.h */,
				AF92FCC71E8174AF00D82B9D /* AssistantController.m */,
				AF92FCC81E8174AF00D82B9D /* DataBaseAssistant.h */,
				AF92FCC91E8174AF00D82B9D /* DataBaseAssistant.m */,
				AF92FCCA1E8174AF00D82B9D /* DelayOperationAssistant.h */,
				AF92FCCB1E8174AF00D82B9D /* DelayOperationAssistant.m */,
				AF92FCCC1E8174AF00D82B9D /* DetectDeviceMotionAssistant.h */,
				AF92FCCD1E8174AF00D82B9D /* DetectDeviceMotionAssistant.m */,
				AF92FCCE1E8174AF00D82B9D /* FontsAssistant.h */,
				AF92FCCF1E8174AF00D82B9D /* FontsAssistant.m */,
				AF92FCD01E8174AF00D82B9D /* GameStateAssistant.h */,
				AF92FCD11E8174AF00D82B9D /* GameStateAssistant.m */,
				AF92FCD21E8174AF00D82B9D /* iCloudAssistant.h */,
				AF92FCD31E8174AF00D82B9D /* iCloudAssistant.m */,
				AF92FCD41E8174AF00D82B9D /* iPodAssistant.h */,
				AF92FCD51E8174AF00D82B9D /* iPodAssistant.m */,
				AF92FCD61E8174AF00D82B9D /* LocationAssistant.h */,
				AF92FCD71E8174AF00D82B9D /* LocationAssistant.m */,
				AF92FCD81E8174AF00D82B9D /* NibAssistant.h */,
				AF92FCD91E8174AF00D82B9D /* NibAssistant.m */,
				AF92FCDA1E8174AF00D82B9D /* OperationsAssistant.h */,
				AF92FCDB1E8174AF00D82B9D /* OperationsAssistant.m */,
				AF92FCDC1E8174AF00D82B9D /* PerlinNoise.h */,
				AF92FCDD1E8174AF00D82B9D /* PerlinNoise.m */,
				AF92FCDE1E8174AF00D82B9D /* SoundAssitant.h */,
				AF92FCDF1E8174AF00D82B9D /* SoundAssitant.m */,
				AF92FCE01E8174AF00D82B9D /* SpeechAssistant.h */,
				AF92FCE11E8174AF00D82B9D /* SpeechAssistant.m */,
				AF92FCE21E8174AF00D82B9D /* TimerAssistant.h */,
				AF92FCE31E8174AF00D82B9D /* TimerAssistant.m */,
				AF92FCE41E8174AF00D82B9D /* VectorsAssistant.h */,
				AF92FCE51E8174AF00D82B9D /* VectorsAssistant.m */,
			);
			name = COMMON;
			sourceTree = "<group>";
		};
		AF92FCB01E816ECF00D82B9D /* VIEWCONTROLLER */ = {
			isa = PBXGroup;
			children = (
				AF92FCB31E816F9400D82B9D /* ViewController.h */,
				AF92FCB41E816F9400D82B9D /* ViewController.m */,
			);
			name = VIEWCONTROLLER;
			sourceTree = "<group>";
		};
		AF92FCB11E816ED800D82B9D /* ASSETS */ = {
			isa = PBXGroup;
			children = (
			);
			name = ASSETS;
			sourceTree = "<group>";
		};
		AF92FCB21E816EEB00D82B9D /* STORYBOARD */ = {
			isa = PBXGroup;
			children = (
				AF92FC9C1E813D0F00D82B9D /* Main.storyboard */,
				AF92FCA11E813D0F00D82B9D /* LaunchScreen.storyboard */,
			);
			name = STORYBOARD;
			sourceTree = "<group>";
		};
		AF92FCB91E81717400D82B9D /* collectable */ = {
			isa = PBXGroup;
			children = (
			);
			name = collectable;
			sourceTree = "<group>";
		};
		AF92FCBA1E81718C00D82B9D /* movable */ = {
			isa = PBXGroup;
			children = (
				AF92FCBF1E81724C00D82B9D /* monstor */,
				AF92FCBE1E81720200D82B9D /* player */,
			);
			name = movable;
			sourceTree = "<group>";
		};
		AF92FCBB1E81719400D82B9D /* health */ = {
			isa = PBXGroup;
			children = (
				AF92FCC11E81729100D82B9D /* poison */,
				AF92FCC01E81726400D82B9D /* medical */,
			);
			name = health;
			sourceTree = "<group>";
		};
		AF92FCBC1E8171A500D82B9D /* weapon */ = {
			isa = PBXGroup;
			children = (
			);
			name = weapon;
			sourceTree = "<group>";
		};
		AF92FCBD1E8171CB00D82B9D /* static */ = {
			isa = PBXGroup;
			children = (
			);
			name = static;
			sourceTree = "<group>";
		};
		AF92FCBE1E81720200D82B9D /* player */ = {
			isa = PBXGroup;
			children = (
			);
			name = player;
			sourceTree = "<group>";
		};
		AF92FCBF1E81724C00D82B9D /* monstor */ = {
			isa = PBXGroup;
			children = (
			);
			name = monstor;
			sourceTree = "<group>";
		};
		AF92FCC01E81726400D82B9D /* medical */ = {
			isa = PBXGroup;
			children = (
			);
			name = medical;
			sourceTree = "<group>";
		};
		AF92FCC11E81729100D82B9D /* poison */ = {
			isa = PBXGroup;
			children = (
			);
			name = poison;
			sourceTree = "<group>";
		};
		AF92FCC21E81735C00D82B9D /* COMPONENTS */ = {
			isa = PBXGroup;
			children = (
			);
			name = COMPONENTS;
			sourceTree = "<group>";
		};
		AF92FCC31E8173A400D82B9D /* SCENES */ = {
			isa = PBXGroup;
			children = (
			);
			name = SCENES;
			sourceTree = "<group>";
		};
		AF92FCF71E8174EB00D82B9D /* game center */ = {
			isa = PBXGroup;
			children = (
			);
			name = "game center";
			sourceTree = "<group>";
		};
		AF92FCF81E8174FD00D82B9D /* air play */ = {
			isa = PBXGroup;
			children = (
			);
			name = "air play";
			sourceTree = "<group>";
		};
		AF92FCF91E81750700D82B9D /* social share */ = {
			isa = PBXGroup;
			children = (
			);
			name = "social share";
			sourceTree = "<group>";
		};
		AF92FCFA1E81750F00D82B9D /* real time connection */ = {
			isa = PBXGroup;
			children = (
			);
			name = "real time connection";
			sourceTree = "<group>";
		};
		AF92FCFB1E81751E00D82B9D /* iCloud */ = {
			isa = PBXGroup;
			children = (
			);
			name = iCloud;
			sourceTree = "<group>";
		};
		AF92FCFC1E81752600D82B9D /* blue tooth */ = {
			isa = PBXGroup;
			children = (
			);
			name = "blue tooth";
			sourceTree = "<group>";
		};
/* End PBXGroup section */

/* Begin PBXNativeTarget section */
		AF92FC8F1E813D0F00D82B9D /* GameFrame */ = {
			isa = PBXNativeTarget;
			buildConfigurationList = AF92FCA71E813D0F00D82B9D /* Build configuration list for PBXNativeTarget "GameFrame" */;
			buildPhases = (
				AF92FC8C1E813D0F00D82B9D /* Sources */,
				AF92FC8D1E813D0F00D82B9D /* Frameworks */,
				AF92FC8E1E813D0F00D82B9D /* Resources */,
			);
			buildRules = (
			);
			dependencies = (
			);
			name = GameFrame;
			productName = GameFrame;
			productReference = AF92FC901E813D0F00D82B9D /* GameFrame.app */;
			productType = "com.apple.product-type.application";
		};
/* End PBXNativeTarget section */

/* Begin PBXProject section */
		AF92FC881E813D0E00D82B9D /* Project object */ = {
			isa = PBXProject;
			attributes = {
				LastUpgradeCheck = 0820;
				ORGANIZATIONNAME = longminghong;
				TargetAttributes = {
					AF92FC8F1E813D0F00D82B9D = {
						CreatedOnToolsVersion = 8.2.1;
						ProvisioningStyle = Manual;
					};
				};
			};
			buildConfigurationList = AF92FC8B1E813D0E00D82B9D /* Build configuration list for PBXProject "GameFrame" */;
			compatibilityVersion = "Xcode 3.2";
			developmentRegion = English;
			hasScannedForEncodings = 0;
			knownRegions = (
				en,
				Base,
			);
			mainGroup = AF92FC871E813D0E00D82B9D;
			productRefGroup = AF92FC911E813D0F00D82B9D /* Products */;
			projectDirPath = "";
			projectRoot = "";
			targets = (
				AF92FC8F1E813D0F00D82B9D /* GameFrame */,
			);
		};
/* End PBXProject section */

/* Begin PBXResourcesBuildPhase section */
		AF92FC8E1E813D0F00D82B9D /* Resources */ = {
			isa = PBXResourcesBuildPhase;
			buildActionMask = 2147483647;
			files = (
				AF92FCA31E813D0F00D82B9D /* LaunchScreen.storyboard in Resources */,
				AF92FCA01E813D0F00D82B9D /* Assets.xcassets in Resources */,
				AF92FC9E1E813D0F00D82B9D /* Main.storyboard in Resources */,
			);
			runOnlyForDeploymentPostprocessing = 0;
		};
/* End PBXResourcesBuildPhase section */

/* Begin PBXSourcesBuildPhase section */
		AF92FC8C1E813D0F00D82B9D /* Sources */ = {
			isa = PBXSourcesBuildPhase;
			buildActionMask = 2147483647;
			files = (
				AF92FCF31E8174AF00D82B9D /* SoundAssitant.m in Sources */,
				AF92FCE61E8174AF00D82B9D /* AssetsAssistant.m in Sources */,
				AF92FCF01E8174AF00D82B9D /* NibAssistant.m in Sources */,
				AF92FCB51E816F9400D82B9D /* ViewController.m in Sources */,
				AF92FC981E813D0F00D82B9D /* AppDelegate.m in Sources */,
				AF92FCEC1E8174AF00D82B9D /* GameStateAssistant.m in Sources */,
				AF92FCF51E8174AF00D82B9D /* TimerAssistant.m in Sources */,
				AF92FCF41E8174AF00D82B9D /* SpeechAssistant.m in Sources */,
				AF92FCB81E8170A900D82B9D /* ArtificialIntelligence.m in Sources */,
				AF92FCEA1E8174AF00D82B9D /* DetectDeviceMotionAssistant.m in Sources */,
				AF92FCEE1E8174AF00D82B9D /* iPodAssistant.m in Sources */,
				AF92FCED1E8174AF00D82B9D /* iCloudAssistant.m in Sources */,
				AF92FCE81E8174AF00D82B9D /* DataBaseAssistant.m in Sources */,
				AF92FCF21E8174AF00D82B9D /* PerlinNoise.m in Sources */,
				AF92FCE71E8174AF00D82B9D /* AssistantController.m in Sources */,
				AF92FCE91E8174AF00D82B9D /* DelayOperationAssistant.m in Sources */,
				AF92FC951E813D0F00D82B9D /* main.m in Sources */,
				AF92FCEB1E8174AF00D82B9D /* FontsAssistant.m in Sources */,
				AF92FCF11E8174AF00D82B9D /* OperationsAssistant.m in Sources */,
				AF92FCF61E8174AF00D82B9D /* VectorsAssistant.m in Sources */,
				AF92FCEF1E8174AF00D82B9D /* LocationAssistant.m in Sources */,
			);
			runOnlyForDeploymentPostprocessing = 0;
		};
/* End PBXSourcesBuildPhase section */

/* Begin PBXVariantGroup section */
		AF92FC9C1E813D0F00D82B9D /* Main.storyboard */ = {
			isa = PBXVariantGroup;
			children = (
				AF92FC9D1E813D0F00D82B9D /* Base */,
			);
			name = Main.storyboard;
			sourceTree = "<group>";
		};
		AF92FCA11E813D0F00D82B9D /* LaunchScreen.storyboard */ = {
			isa = PBXVariantGroup;
			children = (
				AF92FCA21E813D0F00D82B9D /* Base */,
			);
			name = LaunchScreen.storyboard;
			sourceTree = "<group>";
		};
/* End PBXVariantGroup section */

/* Begin XCBuildConfiguration section */
		AF92FCA51E813D0F00D82B9D /* Debug */ = {
			isa = XCBuildConfiguration;
			buildSettings = {
				ALWAYS_SEARCH_USER_PATHS = NO;
				CLANG_ANALYZER_NONNULL = YES;
				CLANG_CXX_LANGUAGE_STANDARD = "gnu++0x";
				CLANG_CXX_LIBRARY = "libc++";
				CLANG_ENABLE_MODULES = YES;
				CLANG_ENABLE_OBJC_ARC = YES;
				CLANG_WARN_BOOL_CONVERSION = YES;
				CLANG_WARN_CONSTANT_CONVERSION = YES;
				CLANG_WARN_DIRECT_OBJC_ISA_USAGE = YES_ERROR;
				CLANG_WARN_DOCUMENTATION_COMMENTS = YES;
				CLANG_WARN_EMPTY_BODY = YES;
				CLANG_WARN_ENUM_CONVERSION = YES;
				CLANG_WARN_INFINITE_RECURSION = YES;
				CLANG_WARN_INT_CONVERSION = YES;
				CLANG_WARN_OBJC_ROOT_CLASS = YES_ERROR;
				CLANG_WARN_SUSPICIOUS_MOVE = YES;
				CLANG_WARN_UNREACHABLE_CODE = YES;
				CLANG_WARN__DUPLICATE_METHOD_MATCH = YES;
				"CODE_SIGN_IDENTITY[sdk=iphoneos*]" = "iPhone Developer";
				COPY_PHASE_STRIP = NO;
				DEBUG_INFORMATION_FORMAT = dwarf;
				ENABLE_STRICT_OBJC_MSGSEND = YES;
				ENABLE_TESTABILITY = YES;
				GCC_C_LANGUAGE_STANDARD = gnu99;
				GCC_DYNAMIC_NO_PIC = NO;
				GCC_NO_COMMON_BLOCKS = YES;
				GCC_OPTIMIZATION_LEVEL = 0;
				GCC_PREPROCESSOR_DEFINITIONS = (
					"DEBUG=1",
					"$(inherited)",
				);
				GCC_WARN_64_TO_32_BIT_CONVERSION = YES;
				GCC_WARN_ABOUT_RETURN_TYPE = YES_ERROR;
				GCC_WARN_UNDECLARED_SELECTOR = YES;
				GCC_WARN_UNINITIALIZED_AUTOS = YES_AGGRESSIVE;
				GCC_WARN_UNUSED_FUNCTION = YES;
				GCC_WARN_UNUSED_VARIABLE = YES;
				IPHONEOS_DEPLOYMENT_TARGET = 10.2;
				MTL_ENABLE_DEBUG_INFO = YES;
				ONLY_ACTIVE_ARCH = YES;
				SDKROOT = iphoneos;
			};
			name = Debug;
		};
		AF92FCA61E813D0F00D82B9D /* Release */ = {
			isa = XCBuildConfiguration;
			buildSettings = {
				ALWAYS_SEARCH_USER_PATHS = NO;
				CLANG_ANALYZER_NONNULL = YES;
				CLANG_CXX_LANGUAGE_STANDARD = "gnu++0x";
				CLANG_CXX_LIBRARY = "libc++";
				CLANG_ENABLE_MODULES = YES;
				CLANG_ENABLE_OBJC_ARC = YES;
				CLANG_WARN_BOOL_CONVERSION = YES;
				CLANG_WARN_CONSTANT_CONVERSION = YES;
				CLANG_WARN_DIRECT_OBJC_ISA_USAGE = YES_ERROR;
				CLANG_WARN_DOCUMENTATION_COMMENTS = YES;
				CLANG_WARN_EMPTY_BODY = YES;
				CLANG_WARN_ENUM_CONVERSION = YES;
				CLANG_WARN_INFINITE_RECURSION = YES;
				CLANG_WARN_INT_CONVERSION = YES;
				CLANG_WARN_OBJC_ROOT_CLASS = YES_ERROR;
				CLANG_WARN_SUSPICIOUS_MOVE = YES;
				CLANG_WARN_UNREACHABLE_CODE = YES;
				CLANG_WARN__DUPLICATE_METHOD_MATCH = YES;
				"CODE_SIGN_IDENTITY[sdk=iphoneos*]" = "iPhone Developer";
				COPY_PHASE_STRIP = NO;
				DEBUG_INFORMATION_FORMAT = "dwarf-with-dsym";
				ENABLE_NS_ASSERTIONS = NO;
				ENABLE_STRICT_OBJC_MSGSEND = YES;
				GCC_C_LANGUAGE_STANDARD = gnu99;
				GCC_NO_COMMON_BLOCKS = YES;
				GCC_WARN_64_TO_32_BIT_CONVERSION = YES;
				GCC_WARN_ABOUT_RETURN_TYPE = YES_ERROR;
				GCC_WARN_UNDECLARED_SELECTOR = YES;
				GCC_WARN_UNINITIALIZED_AUTOS = YES_AGGRESSIVE;
				GCC_WARN_UNUSED_FUNCTION = YES;
				GCC_WARN_UNUSED_VARIABLE = YES;
				IPHONEOS_DEPLOYMENT_TARGET = 10.2;
				MTL_ENABLE_DEBUG_INFO = NO;
				SDKROOT = iphoneos;
				VALIDATE_PRODUCT = YES;
			};
			name = Release;
		};
		AF92FCA81E813D0F00D82B9D /* Debug */ = {
			isa = XCBuildConfiguration;
			buildSettings = {
				ASSETCATALOG_COMPILER_APPICON_NAME = AppIcon;
				DEVELOPMENT_TEAM = "";
				INFOPLIST_FILE = GameFrame/Info.plist;
				LD_RUNPATH_SEARCH_PATHS = "$(inherited) @executable_path/Frameworks";
				PRODUCT_BUNDLE_IDENTIFIER = com.longminghong.GameFrame;
				PRODUCT_NAME = "$(TARGET_NAME)";
			};
			name = Debug;
		};
		AF92FCA91E813D0F00D82B9D /* Release */ = {
			isa = XCBuildConfiguration;
			buildSettings = {
				ASSETCATALOG_COMPILER_APPICON_NAME = AppIcon;
				DEVELOPMENT_TEAM = "";
				INFOPLIST_FILE = GameFrame/Info.plist;
				LD_RUNPATH_SEARCH_PATHS = "$(inherited) @executable_path/Frameworks";
				PRODUCT_BUNDLE_IDENTIFIER = com.longminghong.GameFrame;
				PRODUCT_NAME = "$(TARGET_NAME)";
			};
			name = Release;
		};
/* End XCBuildConfiguration section */

/* Begin XCConfigurationList section */
		AF92FC8B1E813D0E00D82B9D /* Build configuration list for PBXProject "GameFrame" */ = {
			isa = XCConfigurationList;
			buildConfigurations = (
				AF92FCA51E813D0F00D82B9D /* Debug */,
				AF92FCA61E813D0F00D82B9D /* Release */,
			);
			defaultConfigurationIsVisible = 0;
			defaultConfigurationName = Release;
		};
		AF92FCA71E813D0F00D82B9D /* Build configuration list for PBXNativeTarget "GameFrame" */ = {
			isa = XCConfigurationList;
			buildConfigurations = (
				AF92FCA81E813D0F00D82B9D /* Debug */,
				AF92FCA91E813D0F00D82B9D /* Release */,
			);
			defaultConfigurationIsVisible = 0;
		};
/* End XCConfigurationList section */
	};
	rootObject = AF92FC881E813D0E00D82B9D /* Project object */;
}
